
Microsoft Visual Studio Solution File, Format Version 12.00
# Visual Studio 15
VisualStudioVersion = 15.0.28307.136
MinimumVisualStudioVersion = 10.0.40219.1
Project("{9A19103F-16F7-4668-BE54-9A1E7A4F7556}") = "Kissaohjelma", "Kissaohjelma\Kissaohjelma.csproj", "{51EFDB79-6132-4E5C-B2B9-139FFE6A1A75}"
EndProject
Project("{9A19103F-16F7-4668-BE54-9A1E7A4F7556}") = "Kirjaohjelma", "Kirjaohjelma\Kirjaohjelma.csproj", "{061F7682-2C53-427A-8B79-1339B8F7ED99}"
EndProject
Project("{9A19103F-16F7-4668-BE54-9A1E7A4F7556}") = "Auto-ohjelma", "Auto-ohjelma\Auto-ohjelma.csproj", "{5768EF90-5B70-43C8-81A9-CCF61240F42B}"
EndProject
Project("{9A19103F-16F7-4668-BE54-9A1E7A4F7556}") = "Firma-ohjelma", "Firma-ohjelma\Firma-ohjelma.csproj", "{40C1EAF8-A151-4CA2-9856-21B69F5E22A3}"
EndProject
Project("{9A19103F-16F7-4668-BE54-9A1E7A4F7556}") = "Työntekijä-ohjelma", "Työntekijä-ohjelma\Työntekijä-ohjelma.csproj", "{553907FF-2110-4222-BC16-842C6A548CC6}"
EndProject
Project("{9A19103F-16F7-4668-BE54-9A1E7A4F7556}") = "TicketPriceCalculator", "TicketPriceCalculator\TicketPriceCalculator.csproj", "{8E182A86-DE69-4630-8A1E-E63444293909}"
EndProject
Project("{9A19103F-16F7-4668-BE54-9A1E7A4F7556}") = "TaskBook2", "TaskBook2\TaskBook2.csproj", "{EB146C27-4145-44A0-9209-02DBDCDF3E36}"
EndProject
Project("{9A19103F-16F7-4668-BE54-9A1E7A4F7556}") = "KulkuValine", "KulkuVäline\KulkuValine.csproj", "{12940573-4BAA-4CFE-A596-5BF7B5110377}"
EndProject
Project("{FAE04EC0-301F-11D3-BF4B-00C04F79EFBC}") = "Rajapinta", "Rajapinta\Rajapinta.csproj", "{B2F7CB92-270D-4B38-A449-1C0B76DA2F94}"
EndProject
Global
	GlobalSection(SolutionConfigurationPlatforms) = preSolution
		Debug|Any CPU = Debug|Any CPU
		Release|Any CPU = Release|Any CPU
	EndGlobalSection
	GlobalSection(ProjectConfigurationPlatforms) = postSolution
		{51EFDB79-6132-4E5C-B2B9-139FFE6A1A75}.Debug|Any CPU.ActiveCfg = Debug|Any CPU
		{51EFDB79-6132-4E5C-B2B9-139FFE6A1A75}.Debug|Any CPU.Build.0 = Debug|Any CPU
		{51EFDB79-6132-4E5C-B2B9-139FFE6A1A75}.Release|Any CPU.ActiveCfg = Release|Any CPU
		{51EFDB79-6132-4E5C-B2B9-139FFE6A1A75}.Release|Any CPU.Build.0 = Release|Any CPU
		{061F7682-2C53-427A-8B79-1339B8F7ED99}.Debug|Any CPU.ActiveCfg = Debug|Any CPU
		{061F7682-2C53-427A-8B79-1339B8F7ED99}.Debug|Any CPU.Build.0 = Debug|Any CPU
		{061F7682-2C53-427A-8B79-1339B8F7ED99}.Release|Any CPU.ActiveCfg = Release|Any CPU
		{061F7682-2C53-427A-8B79-1339B8F7ED99}.Release|Any CPU.Build.0 = Release|Any CPU
		{5768EF90-5B70-43C8-81A9-CCF61240F42B}.Debug|Any CPU.ActiveCfg = Debug|Any CPU
		{5768EF90-5B70-43C8-81A9-CCF61240F42B}.Debug|Any CPU.Build.0 = Debug|Any CPU
		{5768EF90-5B70-43C8-81A9-CCF61240F42B}.Release|Any CPU.ActiveCfg = Release|Any CPU
		{5768EF90-5B70-43C8-81A9-CCF61240F42B}.Release|Any CPU.Build.0 = Release|Any CPU
		{40C1EAF8-A151-4CA2-9856-21B69F5E22A3}.Debug|Any CPU.ActiveCfg = Debug|Any CPU
		{40C1EAF8-A151-4CA2-9856-21B69F5E22A3}.Debug|Any CPU.Build.0 = Debug|Any CPU
		{40C1EAF8-A151-4CA2-9856-21B69F5E22A3}.Release|Any CPU.ActiveCfg = Release|Any CPU
		{40C1EAF8-A151-4CA2-9856-21B69F5E22A3}.Release|Any CPU.Build.0 = Release|Any CPU
		{553907FF-2110-4222-BC16-842C6A548CC6}.Debug|Any CPU.ActiveCfg = Debug|Any CPU
		{553907FF-2110-4222-BC16-842C6A548CC6}.Debug|Any CPU.Build.0 = Debug|Any CPU
		{553907FF-2110-4222-BC16-842C6A548CC6}.Release|Any CPU.ActiveCfg = Release|Any CPU
		{553907FF-2110-4222-BC16-842C6A548CC6}.Release|Any CPU.Build.0 = Release|Any CPU
		{8E182A86-DE69-4630-8A1E-E63444293909}.Debug|Any CPU.ActiveCfg = Debug|Any CPU
		{8E182A86-DE69-4630-8A1E-E63444293909}.Debug|Any CPU.Build.0 = Debug|Any CPU
		{8E182A86-DE69-4630-8A1E-E63444293909}.Release|Any CPU.ActiveCfg = Release|Any CPU
		{8E182A86-DE69-4630-8A1E-E63444293909}.Release|Any CPU.Build.0 = Release|Any CPU
		{EB146C27-4145-44A0-9209-02DBDCDF3E36}.Debug|Any CPU.ActiveCfg = Debug|Any CPU
		{EB146C27-4145-44A0-9209-02DBDCDF3E36}.Debug|Any CPU.Build.0 = Debug|Any CPU
		{EB146C27-4145-44A0-9209-02DBDCDF3E36}.Release|Any CPU.ActiveCfg = Release|Any CPU
		{EB146C27-4145-44A0-9209-02DBDCDF3E36}.Release|Any CPU.Build.0 = Release|Any CPU
		{12940573-4BAA-4CFE-A596-5BF7B5110377}.Debug|Any CPU.ActiveCfg = Debug|Any CPU
		{12940573-4BAA-4CFE-A596-5BF7B5110377}.Debug|Any CPU.Build.0 = Debug|Any CPU
		{12940573-4BAA-4CFE-A596-5BF7B5110377}.Release|Any CPU.ActiveCfg = Release|Any CPU
		{12940573-4BAA-4CFE-A596-5BF7B5110377}.Release|Any CPU.Build.0 = Release|Any CPU
		{B2F7CB92-270D-4B38-A449-1C0B76DA2F94}.Debug|Any CPU.ActiveCfg = Debug|Any CPU
		{B2F7CB92-270D-4B38-A449-1C0B76DA2F94}.Debug|Any CPU.Build.0 = Debug|Any CPU
		{B2F7CB92-270D-4B38-A449-1C0B76DA2F94}.Release|Any CPU.ActiveCfg = Release|Any CPU
		{B2F7CB92-270D-4B38-A449-1C0B76DA2F94}.Release|Any CPU.Build.0 = Release|Any CPU
	EndGlobalSection
	GlobalSection(SolutionProperties) = preSolution
		HideSolutionNode = FALSE
	EndGlobalSection
	GlobalSection(ExtensibilityGlobals) = postSolution
		SolutionGuid = {3195DF4C-922A-40C6-8D3C-A4323C43DC6B}
	EndGlobalSection
EndGlobal
